{
  "name": "arkenr_pr",
  "lockfileVersion": 3,
  "requires": true,
  "packages": {
    "": {
      "dependencies": {
        "ansi_up": "^6.0.6"
      }
    },
    "node_modules/ansi_up": {
      "version": "6.0.6",
      "resolved": "https://registry.npmjs.org/ansi_up/-/ansi_up-6.0.6.tgz",
      "integrity": "sha512-yIa1x3Ecf8jWP4UWEunNjqNX6gzE4vg2gGz+xqRGY+TBSucnYp6RRdPV4brmtg6bQ1ljD48mZ5iGSEj7QEpRKA==",
      "license": "MIT",
      "engines": {
        "node": "*"
      }
    }
  }
}
